
Microsoft Visual Studio Solution File, Format Version 12.00
# Visual Studio Version 17
VisualStudioVersion = 17.2.32630.192
MinimumVisualStudioVersion = 10.0.40219.1
Project("{9A19103F-16F7-4668-BE54-9A1E7A4F7556}") = "R5T.Z0029", "R5T.Z0029\R5T.Z0029.csproj", "{5EF987DB-E509-40E2-8137-F772825742C3}"
EndProject
Project("{2150E333-8FDC-42A3-9474-1A3956D46DE8}") = "_Dependencies", "_Dependencies", "{0740791A-2DC3-44D0-BF86-F35DAD085D1C}"
EndProject
Project("{9A19103F-16F7-4668-BE54-9A1E7A4F7556}") = "R5T.T0131", "..\..\R5T.T0131\source\R5T.T0131\R5T.T0131.csproj", "{D3E60292-36E1-477A-B6CC-5F1F3AD549B0}"
EndProject
Project("{9A19103F-16F7-4668-BE54-9A1E7A4F7556}") = "R5T.T0143", "..\..\R5T.T0143\source\R5T.T0143\R5T.T0143.csproj", "{A55C9893-2BB1-4B17-BB2C-9215F4A766B1}"
EndProject
Project("{9A19103F-16F7-4668-BE54-9A1E7A4F7556}") = "R5T.Z0000", "..\..\R5T.Z0000\source\R5T.Z0000\R5T.Z0000.csproj", "{BAC1B760-6F7E-4BDC-A685-13CAFB63119E}"
EndProject
Project("{9A19103F-16F7-4668-BE54-9A1E7A4F7556}") = "R5T.T0156", "..\..\R5T.T0156\source\R5T.T0156\R5T.T0156.csproj", "{1A9CC8E9-B98F-48AB-BC23-1FD299F2EDD0}"
EndProject
Project("{9A19103F-16F7-4668-BE54-9A1E7A4F7556}") = "R5T.Y0000", "..\..\R5T.Y0000\source\R5T.Y0000\R5T.Y0000.csproj", "{746B67B4-FC88-4205-AF56-E51D16465786}"
EndProject
Global
	GlobalSection(NestedProjects) = preSolution
		{D3E60292-36E1-477A-B6CC-5F1F3AD549B0} = {0740791A-2DC3-44D0-BF86-F35DAD085D1C}
		{A55C9893-2BB1-4B17-BB2C-9215F4A766B1} = {0740791A-2DC3-44D0-BF86-F35DAD085D1C}
		{BAC1B760-6F7E-4BDC-A685-13CAFB63119E} = {0740791A-2DC3-44D0-BF86-F35DAD085D1C}
		{1A9CC8E9-B98F-48AB-BC23-1FD299F2EDD0} = {0740791A-2DC3-44D0-BF86-F35DAD085D1C}
		{746B67B4-FC88-4205-AF56-E51D16465786} = {0740791A-2DC3-44D0-BF86-F35DAD085D1C}
	EndGlobalSection
	GlobalSection(SolutionConfigurationPlatforms) = preSolution
		Debug|Any CPU = Debug|Any CPU
		Release|Any CPU = Release|Any CPU
	EndGlobalSection
	GlobalSection(ProjectConfigurationPlatforms) = postSolution
		{5EF987DB-E509-40E2-8137-F772825742C3}.Debug|Any CPU.ActiveCfg = Debug|Any CPU
		{5EF987DB-E509-40E2-8137-F772825742C3}.Debug|Any CPU.Build.0 = Debug|Any CPU
		{5EF987DB-E509-40E2-8137-F772825742C3}.Release|Any CPU.ActiveCfg = Release|Any CPU
		{5EF987DB-E509-40E2-8137-F772825742C3}.Release|Any CPU.Build.0 = Release|Any CPU
		{D3E60292-36E1-477A-B6CC-5F1F3AD549B0}.Debug|Any CPU.ActiveCfg = Debug|Any CPU
		{D3E60292-36E1-477A-B6CC-5F1F3AD549B0}.Debug|Any CPU.Build.0 = Debug|Any CPU
		{D3E60292-36E1-477A-B6CC-5F1F3AD549B0}.Release|Any CPU.ActiveCfg = Release|Any CPU
		{D3E60292-36E1-477A-B6CC-5F1F3AD549B0}.Release|Any CPU.Build.0 = Release|Any CPU
		{A55C9893-2BB1-4B17-BB2C-9215F4A766B1}.Debug|Any CPU.ActiveCfg = Debug|Any CPU
		{A55C9893-2BB1-4B17-BB2C-9215F4A766B1}.Debug|Any CPU.Build.0 = Debug|Any CPU
		{A55C9893-2BB1-4B17-BB2C-9215F4A766B1}.Release|Any CPU.ActiveCfg = Release|Any CPU
		{A55C9893-2BB1-4B17-BB2C-9215F4A766B1}.Release|Any CPU.Build.0 = Release|Any CPU
		{BAC1B760-6F7E-4BDC-A685-13CAFB63119E}.Debug|Any CPU.ActiveCfg = Debug|Any CPU
		{BAC1B760-6F7E-4BDC-A685-13CAFB63119E}.Debug|Any CPU.Build.0 = Debug|Any CPU
		{BAC1B760-6F7E-4BDC-A685-13CAFB63119E}.Release|Any CPU.ActiveCfg = Release|Any CPU
		{BAC1B760-6F7E-4BDC-A685-13CAFB63119E}.Release|Any CPU.Build.0 = Release|Any CPU
		{1A9CC8E9-B98F-48AB-BC23-1FD299F2EDD0}.Debug|Any CPU.ActiveCfg = Debug|Any CPU
		{1A9CC8E9-B98F-48AB-BC23-1FD299F2EDD0}.Debug|Any CPU.Build.0 = Debug|Any CPU
		{1A9CC8E9-B98F-48AB-BC23-1FD299F2EDD0}.Release|Any CPU.ActiveCfg = Release|Any CPU
		{1A9CC8E9-B98F-48AB-BC23-1FD299F2EDD0}.Release|Any CPU.Build.0 = Release|Any CPU
		{746B67B4-FC88-4205-AF56-E51D16465786}.Debug|Any CPU.ActiveCfg = Debug|Any CPU
		{746B67B4-FC88-4205-AF56-E51D16465786}.Debug|Any CPU.Build.0 = Debug|Any CPU
		{746B67B4-FC88-4205-AF56-E51D16465786}.Release|Any CPU.ActiveCfg = Release|Any CPU
		{746B67B4-FC88-4205-AF56-E51D16465786}.Release|Any CPU.Build.0 = Release|Any CPU
	EndGlobalSection
	GlobalSection(SolutionProperties) = preSolution
		HideSolutionNode = FALSE
	EndGlobalSection
	GlobalSection(ExtensibilityGlobals) = postSolution
		SolutionGuid = {FCAC579F-67B5-4AA5-8DC5-50E138FBBCB6}
	EndGlobalSection
EndGlobal
